# This file is automatically @generated by Poetry 1.8.3 and should not be changed by hand.

[[package]]
name = "iterfzf"
version = "1.4.0.51.0"
description = "Pythonic interface to fzf"
optional = false
python-versions = ">=3.8"
files = [
    {file = "iterfzf-1.4.0.51.0-py3-none-macosx_10_7_x86_64.macosx_10_9_x86_64.whl", hash = "sha256:9043a0a3eadad24d903d5adf66bc70d5e74430248ebd120d34bf46e3e3b6cdda"},
    {file = "iterfzf-1.4.0.51.0-py3-none-macosx_11_0_arm64.whl", hash = "sha256:ba68102c6fd9ae92c42d4c9be88f421514fcd0efb558249505a66c58eeb69a8d"},
    {file = "iterfzf-1.4.0.51.0-py3-none-manylinux_1_2_aarch64.manylinux_2_17_aarch64.manylinux2014_aarch64.whl", hash = "sha256:2aa4c491d89de4586fec5c967c64cc45663c5a9155969676b69933baf7c3687e"},
    {file = "iterfzf-1.4.0.51.0-py3-none-manylinux_1_2_x86_64.manylinux_2_17_x86_64.manylinux2014_x86_64.whl", hash = "sha256:244c566ca218567127ba34a0360600c22dd3854bc57f50e6e037f44d5ec6cdfc"},
    {file = "iterfzf-1.4.0.51.0-py3-none-manylinux_2_17_ppc64le.manylinux2014_ppc64le.whl", hash = "sha256:4cf5edf431982aaf23a6c9eaf10fdb4e52f91fbc954d3c96fef5562f60069c91"},
    {file = "iterfzf-1.4.0.51.0-py3-none-manylinux_2_17_s390x.manylinux2014_s390x.whl", hash = "sha256:7f4e7ad39c962cbd3c8969f71123c7b3a3cba5d91b37c1897daca2340684742a"},
    {file = "iterfzf-1.4.0.51.0-py3-none-win_amd64.whl", hash = "sha256:50114ba74adf01cb4201dc4ffbc8466f93a53c77afc48e1f1493bab3cc88abaf"},
    {file = "iterfzf-1.4.0.51.0-py3-none-win_arm64.whl", hash = "sha256:4fa707c8a56166e070cf94cf720f4c168089443051350d93b618322a1e61fbb4"},
    {file = "iterfzf-1.4.0.51.0.tar.gz", hash = "sha256:56a793b54accf7023e9622967d9e3e424f740d4d4319c8d3c45a13a39f981d8f"},
]

[[package]]
name = "pywin32"
version = "306"
description = "Python for Window Extensions"
optional = false
python-versions = "*"
files = [
    {file = "pywin32-306-cp310-cp310-win32.whl", hash = "sha256:06d3420a5155ba65f0b72f2699b5bacf3109f36acbe8923765c22938a69dfc8d"},
    {file = "pywin32-306-cp310-cp310-win_amd64.whl", hash = "sha256:84f4471dbca1887ea3803d8848a1616429ac94a4a8d05f4bc9c5dcfd42ca99c8"},
    {file = "pywin32-306-cp311-cp311-win32.whl", hash = "sha256:e65028133d15b64d2ed8f06dd9fbc268352478d4f9289e69c190ecd6818b6407"},
    {file = "pywin32-306-cp311-cp311-win_amd64.whl", hash = "sha256:a7639f51c184c0272e93f244eb24dafca9b1855707d94c192d4a0b4c01e1100e"},
    {file = "pywin32-306-cp311-cp311-win_arm64.whl", hash = "sha256:70dba0c913d19f942a2db25217d9a1b726c278f483a919f1abfed79c9cf64d3a"},
    {file = "pywin32-306-cp312-cp312-win32.whl", hash = "sha256:383229d515657f4e3ed1343da8be101000562bf514591ff383ae940cad65458b"},
    {file = "pywin32-306-cp312-cp312-win_amd64.whl", hash = "sha256:37257794c1ad39ee9be652da0462dc2e394c8159dfd913a8a4e8eb6fd346da0e"},
    {file = "pywin32-306-cp312-cp312-win_arm64.whl", hash = "sha256:5821ec52f6d321aa59e2db7e0a35b997de60c201943557d108af9d4ae1ec7040"},
    {file = "pywin32-306-cp37-cp37m-win32.whl", hash = "sha256:1c73ea9a0d2283d889001998059f5eaaba3b6238f767c9cf2833b13e6a685f65"},
    {file = "pywin32-306-cp37-cp37m-win_amd64.whl", hash = "sha256:72c5f621542d7bdd4fdb716227be0dd3f8565c11b280be6315b06ace35487d36"},
    {file = "pywin32-306-cp38-cp38-win32.whl", hash = "sha256:e4c092e2589b5cf0d365849e73e02c391c1349958c5ac3e9d5ccb9a28e017b3a"},
    {file = "pywin32-306-cp38-cp38-win_amd64.whl", hash = "sha256:e8ac1ae3601bee6ca9f7cb4b5363bf1c0badb935ef243c4733ff9a393b1690c0"},
    {file = "pywin32-306-cp39-cp39-win32.whl", hash = "sha256:e25fd5b485b55ac9c057f67d94bc203f3f6595078d1fb3b458c9c28b7153a802"},
    {file = "pywin32-306-cp39-cp39-win_amd64.whl", hash = "sha256:39b61c15272833b5c329a2989999dcae836b1eed650252ab1b7bfbe1d59f30f4"},
]

[metadata]
lock-version = "2.0"
python-versions = "^3.11"
content-hash = "5c1fd87b02d38d4af9946f5149750b69686fa5c0a8ba19b2ea9135ffab58a8e8"
