# This file is automatically @generated by Poetry 1.8.3 and should not be changed by hand.

[[package]]
name = "iterfzf"
version = "1.4.0.51.0"
description = "Pythonic interface to fzf"
optional = false
python-versions = ">=3.8"
files = [
    {file = "iterfzf-1.4.0.51.0-py3-none-macosx_10_7_x86_64.macosx_10_9_x86_64.whl", hash = "sha256:9043a0a3eadad24d903d5adf66bc70d5e74430248ebd120d34bf46e3e3b6cdda"},
    {file = "iterfzf-1.4.0.51.0-py3-none-macosx_11_0_arm64.whl", hash = "sha256:ba68102c6fd9ae92c42d4c9be88f421514fcd0efb558249505a66c58eeb69a8d"},
    {file = "iterfzf-1.4.0.51.0-py3-none-manylinux_1_2_aarch64.manylinux_2_17_aarch64.manylinux2014_aarch64.whl", hash = "sha256:2aa4c491d89de4586fec5c967c64cc45663c5a9155969676b69933baf7c3687e"},
    {file = "iterfzf-1.4.0.51.0-py3-none-manylinux_1_2_x86_64.manylinux_2_17_x86_64.manylinux2014_x86_64.whl", hash = "sha256:244c566ca218567127ba34a0360600c22dd3854bc57f50e6e037f44d5ec6cdfc"},
    {file = "iterfzf-1.4.0.51.0-py3-none-manylinux_2_17_ppc64le.manylinux2014_ppc64le.whl", hash = "sha256:4cf5edf431982aaf23a6c9eaf10fdb4e52f91fbc954d3c96fef5562f60069c91"},
    {file = "iterfzf-1.4.0.51.0-py3-none-manylinux_2_17_s390x.manylinux2014_s390x.whl", hash = "sha256:7f4e7ad39c962cbd3c8969f71123c7b3a3cba5d91b37c1897daca2340684742a"},
    {file = "iterfzf-1.4.0.51.0-py3-none-win_amd64.whl", hash = "sha256:50114ba74adf01cb4201dc4ffbc8466f93a53c77afc48e1f1493bab3cc88abaf"},
    {file = "iterfzf-1.4.0.51.0-py3-none-win_arm64.whl", hash = "sha256:4fa707c8a56166e070cf94cf720f4c168089443051350d93b618322a1e61fbb4"},
    {file = "iterfzf-1.4.0.51.0.tar.gz", hash = "sha256:56a793b54accf7023e9622967d9e3e424f740d4d4319c8d3c45a13a39f981d8f"},
]

[metadata]
lock-version = "2.0"
python-versions = "^3.11"
content-hash = "bfc1d5be5409e580db72d20b2dcfc1be7513c3423d10995401f0ec4f57240341"
