version = 1
revision = 3
requires-python = ">=3.11.3"

[[package]]
name = "iterfzf"
version = "1.9.0.67.0"
source = { registry = "https://pypi.org/simple" }
sdist = { url = "https://files.pythonhosted.org/packages/4c/5a/d955b2ee27ffc7bf48fcb99201e071a39bc68aaa3c3daf4fd4e487b7d21d/iterfzf-1.9.0.67.0.tar.gz", hash = "sha256:9e9ddeba324a6bf7786f6033d1ed5030c2b36bce86ef63f9e76ecb84529e45ac", size = 1971623, upload-time = "2026-01-25T05:30:08.671Z" }
wheels = [
    { url = "https://files.pythonhosted.org/packages/58/65/a39b5616f37159e45bb0a022b6f33b1de7c828a2862f0a1bdf9a1c33a8ff/iterfzf-1.9.0.67.0-py3-none-macosx_10_7_x86_64.macosx_10_9_x86_64.whl", hash = "sha256:a2f75b362f7b99587cc18e4f38d77371399a27050aa2cc77fd2d62e5d815325a", size = 1865329, upload-time = "2026-01-25T05:29:54.765Z" },
    { url = "https://files.pythonhosted.org/packages/c6/15/5bed29959f6230003ff8a476a903f273c94e46bb57ee70422d36729af49d/iterfzf-1.9.0.67.0-py3-none-macosx_11_0_arm64.whl", hash = "sha256:2463c2001f2e2b2bf7acb5104783da7a5dfe2421e78f56a1c1ee47c7aab297de", size = 1737408, upload-time = "2026-01-25T05:29:56.765Z" },
    { url = "https://files.pythonhosted.org/packages/7d/d1/97c18aaefdcd7a1bb205900e1685d6de02e26c1dda7442f4c34e23837d25/iterfzf-1.9.0.67.0-py3-none-manylinux_1_2_aarch64.manylinux_2_17_aarch64.manylinux2014_aarch64.whl", hash = "sha256:34173f018b7607817dcdc08d26162d972f4296d1b205478118ce0d44e1bf955d", size = 1671242, upload-time = "2026-01-25T05:29:58.747Z" },
    { url = "https://files.pythonhosted.org/packages/b3/04/be83ea9b5340e4f9f14fd8ef8a42ecb4eb99ef05366673c33b734920b510/iterfzf-1.9.0.67.0-py3-none-manylinux_1_2_x86_64.manylinux_2_17_x86_64.manylinux2014_x86_64.whl", hash = "sha256:f84da7c420a2c7f4601d0f1c2390b09e06d4981e8c40a8e6f990e83de9871c95", size = 1800844, upload-time = "2026-01-25T05:30:00.521Z" },
    { url = "https://files.pythonhosted.org/packages/be/b1/cdb5fb4ae54918b51360a52d56cbe00a037a9735623aca931014e480f382/iterfzf-1.9.0.67.0-py3-none-manylinux_2_17_ppc64le.manylinux2014_ppc64le.whl", hash = "sha256:4f0da141e49ef4e89f28dec367cc2e65f8bfd55c98bc5da27651127235b30dbd", size = 1679470, upload-time = "2026-01-25T05:30:02.535Z" },
    { url = "https://files.pythonhosted.org/packages/a5/73/a76a5eee2de4a206f96053e282b6ee7434fab92aa55b729497d76ef8c4e9/iterfzf-1.9.0.67.0-py3-none-manylinux_2_17_s390x.manylinux2014_s390x.whl", hash = "sha256:c46d6b1c2d372e4940399d1952c0616fbdffc82577bb0b524494051484681507", size = 1779013, upload-time = "2026-01-25T05:30:03.844Z" },
    { url = "https://files.pythonhosted.org/packages/7c/ac/a64707d03e1d4e55401535461b9248c91e834b19d8233f40e870495dd54d/iterfzf-1.9.0.67.0-py3-none-win_amd64.whl", hash = "sha256:7b4ad3cc6a2e395970be81fb913840ff482b6d9938ecec605e4a6fce9db936fb", size = 1976494, upload-time = "2026-01-25T05:30:05.202Z" },
    { url = "https://files.pythonhosted.org/packages/bf/5f/4ceb4486a4ab699624be2caa8cdebdfce463ae5906e5511ce52bbcc8621d/iterfzf-1.9.0.67.0-py3-none-win_arm64.whl", hash = "sha256:8ef635f31ae30926a15da944bc8236a31805b7944d06875039998f74b52012cf", size = 1816915, upload-time = "2026-01-25T05:30:06.73Z" },
]

[[package]]
name = "launcher"
version = "0.1.0"
source = { virtual = "." }
dependencies = [
    { name = "iterfzf" },
    { name = "pywin32" },
]

[package.metadata]
requires-dist = [
    { name = "iterfzf", specifier = ">=1.9.0.67.0" },
    { name = "pywin32", specifier = ">=311" },
]

[[package]]
name = "pywin32"
version = "311"
source = { registry = "https://pypi.org/simple" }
wheels = [
    { url = "https://files.pythonhosted.org/packages/7c/af/449a6a91e5d6db51420875c54f6aff7c97a86a3b13a0b4f1a5c13b988de3/pywin32-311-cp311-cp311-win32.whl", hash = "sha256:184eb5e436dea364dcd3d2316d577d625c0351bf237c4e9a5fabbcfa5a58b151", size = 8697031, upload-time = "2025-07-14T20:13:13.266Z" },
    { url = "https://files.pythonhosted.org/packages/51/8f/9bb81dd5bb77d22243d33c8397f09377056d5c687aa6d4042bea7fbf8364/pywin32-311-cp311-cp311-win_amd64.whl", hash = "sha256:3ce80b34b22b17ccbd937a6e78e7225d80c52f5ab9940fe0506a1a16f3dab503", size = 9508308, upload-time = "2025-07-14T20:13:15.147Z" },
    { url = "https://files.pythonhosted.org/packages/44/7b/9c2ab54f74a138c491aba1b1cd0795ba61f144c711daea84a88b63dc0f6c/pywin32-311-cp311-cp311-win_arm64.whl", hash = "sha256:a733f1388e1a842abb67ffa8e7aad0e70ac519e09b0f6a784e65a136ec7cefd2", size = 8703930, upload-time = "2025-07-14T20:13:16.945Z" },
    { url = "https://files.pythonhosted.org/packages/e7/ab/01ea1943d4eba0f850c3c61e78e8dd59757ff815ff3ccd0a84de5f541f42/pywin32-311-cp312-cp312-win32.whl", hash = "sha256:750ec6e621af2b948540032557b10a2d43b0cee2ae9758c54154d711cc852d31", size = 8706543, upload-time = "2025-07-14T20:13:20.765Z" },
    { url = "https://files.pythonhosted.org/packages/d1/a8/a0e8d07d4d051ec7502cd58b291ec98dcc0c3fff027caad0470b72cfcc2f/pywin32-311-cp312-cp312-win_amd64.whl", hash = "sha256:b8c095edad5c211ff31c05223658e71bf7116daa0ecf3ad85f3201ea3190d067", size = 9495040, upload-time = "2025-07-14T20:13:22.543Z" },
    { url = "https://files.pythonhosted.org/packages/ba/3a/2ae996277b4b50f17d61f0603efd8253cb2d79cc7ae159468007b586396d/pywin32-311-cp312-cp312-win_arm64.whl", hash = "sha256:e286f46a9a39c4a18b319c28f59b61de793654af2f395c102b4f819e584b5852", size = 8710102, upload-time = "2025-07-14T20:13:24.682Z" },
    { url = "https://files.pythonhosted.org/packages/a5/be/3fd5de0979fcb3994bfee0d65ed8ca9506a8a1260651b86174f6a86f52b3/pywin32-311-cp313-cp313-win32.whl", hash = "sha256:f95ba5a847cba10dd8c4d8fefa9f2a6cf283b8b88ed6178fa8a6c1ab16054d0d", size = 8705700, upload-time = "2025-07-14T20:13:26.471Z" },
    { url = "https://files.pythonhosted.org/packages/e3/28/e0a1909523c6890208295a29e05c2adb2126364e289826c0a8bc7297bd5c/pywin32-311-cp313-cp313-win_amd64.whl", hash = "sha256:718a38f7e5b058e76aee1c56ddd06908116d35147e133427e59a3983f703a20d", size = 9494700, upload-time = "2025-07-14T20:13:28.243Z" },
    { url = "https://files.pythonhosted.org/packages/04/bf/90339ac0f55726dce7d794e6d79a18a91265bdf3aa70b6b9ca52f35e022a/pywin32-311-cp313-cp313-win_arm64.whl", hash = "sha256:7b4075d959648406202d92a2310cb990fea19b535c7f4a78d3f5e10b926eeb8a", size = 8709318, upload-time = "2025-07-14T20:13:30.348Z" },
    { url = "https://files.pythonhosted.org/packages/c9/31/097f2e132c4f16d99a22bfb777e0fd88bd8e1c634304e102f313af69ace5/pywin32-311-cp314-cp314-win32.whl", hash = "sha256:b7a2c10b93f8986666d0c803ee19b5990885872a7de910fc460f9b0c2fbf92ee", size = 8840714, upload-time = "2025-07-14T20:13:32.449Z" },
    { url = "https://files.pythonhosted.org/packages/90/4b/07c77d8ba0e01349358082713400435347df8426208171ce297da32c313d/pywin32-311-cp314-cp314-win_amd64.whl", hash = "sha256:3aca44c046bd2ed8c90de9cb8427f581c479e594e99b5c0bb19b29c10fd6cb87", size = 9656800, upload-time = "2025-07-14T20:13:34.312Z" },
    { url = "https://files.pythonhosted.org/packages/c0/d2/21af5c535501a7233e734b8af901574572da66fcc254cb35d0609c9080dd/pywin32-311-cp314-cp314-win_arm64.whl", hash = "sha256:a508e2d9025764a8270f93111a970e1d0fbfc33f4153b388bb649b7eec4f9b42", size = 8932540, upload-time = "2025-07-14T20:13:36.379Z" },
]
